
Microsoft Visual Studio Solution File, Format Version 12.00
# Visual Studio Version 17
VisualStudioVersion = 17.8.34511.84
MinimumVisualStudioVersion = 10.0.40219.1
Project("{8BC9CEB8-8B4A-11D0-8D11-00A0C91BC942}") = "BOJ_24313", "BOJ_24313.vcxproj", "{278104B7-7AB6-4FEF-ABD1-5446BB199297}"
EndProject
Global
	GlobalSection(SolutionConfigurationPlatforms) = preSolution
		Debug|x64 = Debug|x64
		Release|x64 = Release|x64
	EndGlobalSection
	GlobalSection(ProjectConfigurationPlatforms) = postSolution
		{278104B7-7AB6-4FEF-ABD1-5446BB199297}.Debug|x64.ActiveCfg = Debug|x64
		{278104B7-7AB6-4FEF-ABD1-5446BB199297}.Debug|x64.Build.0 = Debug|x64
		{278104B7-7AB6-4FEF-ABD1-5446BB199297}.Release|x64.ActiveCfg = Release|x64
		{278104B7-7AB6-4FEF-ABD1-5446BB199297}.Release|x64.Build.0 = Release|x64
	EndGlobalSection
	GlobalSection(SolutionProperties) = preSolution
		HideSolutionNode = FALSE
	EndGlobalSection
	GlobalSection(ExtensibilityGlobals) = postSolution
		SolutionGuid = {FCF3393F-1606-4467-B5BF-7D1D60FCBFA2}
	EndGlobalSection
EndGlobal
